
Microsoft Visual Studio Solution File, Format Version 12.00
# Visual Studio Version 17
VisualStudioVersion = 17.6.33723.286
MinimumVisualStudioVersion = 10.0.40219.1
Project("{9A19103F-16F7-4668-BE54-9A1E7A4F7556}") = "TasqR", "TasqR\TasqR.csproj", "{82544C2D-CA5A-42A9-8484-16534B65A1AC}"
EndProject
Project("{9A19103F-16F7-4668-BE54-9A1E7A4F7556}") = "TasqR.Extensions.Microsoft.DependencyInjection", "TasqR.Extensions.Microsoft.DependencyInjection\TasqR.Extensions.Microsoft.DependencyInjection.csproj", "{C83A1C2C-EDA6-42F3-BC54-CC09CEAD5BA4}"
EndProject
Project("{2150E333-8FDC-42A3-9474-1A3956D46DE8}") = "Docs", "Docs", "{45A0C390-C67D-4D54-BE03-381370F191AB}"
	ProjectSection(SolutionItems) = preProject
		Docs\ReadMe.md = Docs\ReadMe.md
		uploadnuget.txt = uploadnuget.txt
	EndProjectSection
EndProject
Project("{9A19103F-16F7-4668-BE54-9A1E7A4F7556}") = "TasqR.TestProject", "TasqR.TestProject\TasqR.TestProject.csproj", "{3E76A782-D098-4698-AD20-BF8F24639B78}"
EndProject
Project("{9A19103F-16F7-4668-BE54-9A1E7A4F7556}") = "TasqR.TestProject.Microsoft.DependencyInjection", "TasqR.TestProject.Microsoft.DependencyInjection\TasqR.TestProject.Microsoft.DependencyInjection.csproj", "{54E1499D-A30C-4A5D-A4A0-5D74C0A27324}"
EndProject
Project("{2150E333-8FDC-42A3-9474-1A3956D46DE8}") = "Solution Items", "Solution Items", "{89C77842-8C12-4620-9269-944170F23BDE}"
	ProjectSection(SolutionItems) = preProject
		.editorconfig = .editorconfig
	EndProjectSection
EndProject
Global
	GlobalSection(SolutionConfigurationPlatforms) = preSolution
		Debug|Any CPU = Debug|Any CPU
		Release|Any CPU = Release|Any CPU
	EndGlobalSection
	GlobalSection(ProjectConfigurationPlatforms) = postSolution
		{82544C2D-CA5A-42A9-8484-16534B65A1AC}.Debug|Any CPU.ActiveCfg = Debug|Any CPU
		{82544C2D-CA5A-42A9-8484-16534B65A1AC}.Debug|Any CPU.Build.0 = Debug|Any CPU
		{82544C2D-CA5A-42A9-8484-16534B65A1AC}.Release|Any CPU.ActiveCfg = Release|Any CPU
		{82544C2D-CA5A-42A9-8484-16534B65A1AC}.Release|Any CPU.Build.0 = Release|Any CPU
		{C83A1C2C-EDA6-42F3-BC54-CC09CEAD5BA4}.Debug|Any CPU.ActiveCfg = Debug|Any CPU
		{C83A1C2C-EDA6-42F3-BC54-CC09CEAD5BA4}.Debug|Any CPU.Build.0 = Debug|Any CPU
		{C83A1C2C-EDA6-42F3-BC54-CC09CEAD5BA4}.Release|Any CPU.ActiveCfg = Release|Any CPU
		{C83A1C2C-EDA6-42F3-BC54-CC09CEAD5BA4}.Release|Any CPU.Build.0 = Release|Any CPU
		{3E76A782-D098-4698-AD20-BF8F24639B78}.Debug|Any CPU.ActiveCfg = Debug|Any CPU
		{3E76A782-D098-4698-AD20-BF8F24639B78}.Debug|Any CPU.Build.0 = Debug|Any CPU
		{3E76A782-D098-4698-AD20-BF8F24639B78}.Release|Any CPU.ActiveCfg = Release|Any CPU
		{3E76A782-D098-4698-AD20-BF8F24639B78}.Release|Any CPU.Build.0 = Release|Any CPU
		{54E1499D-A30C-4A5D-A4A0-5D74C0A27324}.Debug|Any CPU.ActiveCfg = Debug|Any CPU
		{54E1499D-A30C-4A5D-A4A0-5D74C0A27324}.Debug|Any CPU.Build.0 = Debug|Any CPU
		{54E1499D-A30C-4A5D-A4A0-5D74C0A27324}.Release|Any CPU.ActiveCfg = Release|Any CPU
		{54E1499D-A30C-4A5D-A4A0-5D74C0A27324}.Release|Any CPU.Build.0 = Release|Any CPU
	EndGlobalSection
	GlobalSection(SolutionProperties) = preSolution
		HideSolutionNode = FALSE
	EndGlobalSection
	GlobalSection(ExtensibilityGlobals) = postSolution
		SolutionGuid = {908035D8-CE94-4249-8976-7AC2083ACD8F}
	EndGlobalSection
EndGlobal
